# This file is automatically @generated by Cargo.
# It is not intended for manual editing.
version = 4

[[package]]
name = "aether-air"
version = "0.0.0"
dependencies = [
 "aether-source",
]

[[package]]
name = "aether-ast"
version = "0.0.0"
dependencies = [
 "aether-source",
]

[[package]]
name = "aether-diagnostics"
version = "0.0.0"
dependencies = [
 "aether-source",
]

[[package]]
name = "aether-lexer"
version = "0.0.0"
dependencies = [
 "aether-diagnostics",
 "aether-source",
]

[[package]]
name = "aether-lower"
version = "0.0.0"
dependencies = [
 "aether-air",
 "aether-ast",
 "aether-lexer",
 "aether-parser",
 "aether-source",
]

[[package]]
name = "aether-parser"
version = "0.0.0"
dependencies = [
 "aether-ast",
 "aether-diagnostics",
 "aether-lexer",
 "aether-source",
]

[[package]]
name = "aether-source"
version = "0.0.0"

[[package]]
name = "aetherc"
version = "0.0.0"
dependencies = [
 "aether-air",
 "aether-ast",
 "aether-diagnostics",
 "aether-lexer",
 "aether-lower",
 "aether-parser",
 "aether-source",
]
